
Microsoft Visual Studio Solution File, Format Version 12.00
# Visual Studio Version 16
VisualStudioVersion = 16.0.29209.62
MinimumVisualStudioVersion = 10.0.40219.1
Project("{FAE04EC0-301F-11D3-BF4B-00C04F79EFBC}") = "Api", "Api\Api.csproj", "{DD8F3F8A-FACC-47FF-A081-1E6DBCE8FB8E}"
EndProject
Global
	GlobalSection(SolutionConfigurationPlatforms) = preSolution
		Debug|Any CPU = Debug|Any CPU
		Release|Any CPU = Release|Any CPU
	EndGlobalSection
	GlobalSection(ProjectConfigurationPlatforms) = postSolution
		{DD8F3F8A-FACC-47FF-A081-1E6DBCE8FB8E}.Debug|Any CPU.ActiveCfg = Debug|Any CPU
		{DD8F3F8A-FACC-47FF-A081-1E6DBCE8FB8E}.Debug|Any CPU.Build.0 = Debug|Any CPU
		{DD8F3F8A-FACC-47FF-A081-1E6DBCE8FB8E}.Release|Any CPU.ActiveCfg = Release|Any CPU
		{DD8F3F8A-FACC-47FF-A081-1E6DBCE8FB8E}.Release|Any CPU.Build.0 = Release|Any CPU
	EndGlobalSection
	GlobalSection(SolutionProperties) = preSolution
		HideSolutionNode = FALSE
	EndGlobalSection
	GlobalSection(ExtensibilityGlobals) = postSolution
		SolutionGuid = {87875284-C512-433F-BF22-57279E39FC9B}
	EndGlobalSection
EndGlobal
